
Microsoft Visual Studio Solution File, Format Version 12.00
# Visual Studio Version 17
VisualStudioVersion = 17.3.32804.467
MinimumVisualStudioVersion = 10.0.40219.1
Project("{FAE04EC0-301F-11D3-BF4B-00C04F79EFBC}") = "Demo", "Demo\Demo.csproj", "{36E58A13-EE58-4690-ADA4-BC23480A6FBF}"
EndProject
Global
	GlobalSection(SolutionConfigurationPlatforms) = preSolution
		Debug|Any CPU = Debug|Any CPU
		Release|Any CPU = Release|Any CPU
	EndGlobalSection
	GlobalSection(ProjectConfigurationPlatforms) = postSolution
		{36E58A13-EE58-4690-ADA4-BC23480A6FBF}.Debug|Any CPU.ActiveCfg = Debug|Any CPU
		{36E58A13-EE58-4690-ADA4-BC23480A6FBF}.Debug|Any CPU.Build.0 = Debug|Any CPU
		{36E58A13-EE58-4690-ADA4-BC23480A6FBF}.Release|Any CPU.ActiveCfg = Release|Any CPU
		{36E58A13-EE58-4690-ADA4-BC23480A6FBF}.Release|Any CPU.Build.0 = Release|Any CPU
	EndGlobalSection
	GlobalSection(SolutionProperties) = preSolution
		HideSolutionNode = FALSE
	EndGlobalSection
	GlobalSection(ExtensibilityGlobals) = postSolution
		SolutionGuid = {C1414564-8C43-42D3-9EE3-E28C632A73D0}
	EndGlobalSection
EndGlobal
